
Microsoft Visual Studio Solution File, Format Version 12.00
# Visual Studio Version 17
VisualStudioVersion = 17.11.35312.102
MinimumVisualStudioVersion = 10.0.40219.1
Project("{FAE04EC0-301F-11D3-BF4B-00C04F79EFBC}") = "Project.Presentation", "Project.Presentation\Project.Presentation.csproj", "{B48A4ACA-C6A9-460D-A9E9-6C69B5400365}"
EndProject
Global
	GlobalSection(SolutionConfigurationPlatforms) = preSolution
		Debug|Any CPU = Debug|Any CPU
		Release|Any CPU = Release|Any CPU
	EndGlobalSection
	GlobalSection(ProjectConfigurationPlatforms) = postSolution
		{B48A4ACA-C6A9-460D-A9E9-6C69B5400365}.Debug|Any CPU.ActiveCfg = Debug|Any CPU
		{B48A4ACA-C6A9-460D-A9E9-6C69B5400365}.Debug|Any CPU.Build.0 = Debug|Any CPU
		{B48A4ACA-C6A9-460D-A9E9-6C69B5400365}.Release|Any CPU.ActiveCfg = Release|Any CPU
		{B48A4ACA-C6A9-460D-A9E9-6C69B5400365}.Release|Any CPU.Build.0 = Release|Any CPU
	EndGlobalSection
	GlobalSection(SolutionProperties) = preSolution
		HideSolutionNode = FALSE
	EndGlobalSection
	GlobalSection(ExtensibilityGlobals) = postSolution
		SolutionGuid = {E7D215E5-2534-496E-9ED8-EEFF7B78360B}
	EndGlobalSection
EndGlobal
